
Microsoft Visual Studio Solution File, Format Version 12.00
# Visual Studio Version 16
VisualStudioVersion = 16.0.31205.134
MinimumVisualStudioVersion = 10.0.40219.1
Project("{9A19103F-16F7-4668-BE54-9A1E7A4F7556}") = "TPToSDB", "TPToSDB\TPToSDB.csproj", "{9401B9CA-6E23-4F81-B139-D6115DEAA46D}"
EndProject
Project("{2150E333-8FDC-42A3-9474-1A3956D46DE8}") = "Solution Items", "Solution Items", "{0BFD78A8-CE8D-41EF-A61B-89238D6C5D77}"
	ProjectSection(SolutionItems) = preProject
		.editorconfig = .editorconfig
	EndProjectSection
EndProject
Project("{FAE04EC0-301F-11D3-BF4B-00C04F79EFBC}") = "TPCmn", "TPCmn\TPCmn.csproj", "{6B7CE490-7771-4503-8DD5-4E203337A9D6}"
EndProject
Project("{FAE04EC0-301F-11D3-BF4B-00C04F79EFBC}") = "TPToSPatch", "TPToSPatch\TPToSPatch.csproj", "{D8F5307B-1123-405D-AC3E-B822EE2A5893}"
EndProject
Project("{FAE04EC0-301F-11D3-BF4B-00C04F79EFBC}") = "TPToSSQLite", "TPToSSQLite\TPToSSQLite.csproj", "{B5E7991F-9C87-4DB2-9838-DD1E5867B4E3}"
EndProject
Global
	GlobalSection(SolutionConfigurationPlatforms) = preSolution
		Debug|Any CPU = Debug|Any CPU
		Release|Any CPU = Release|Any CPU
	EndGlobalSection
	GlobalSection(ProjectConfigurationPlatforms) = postSolution
		{9401B9CA-6E23-4F81-B139-D6115DEAA46D}.Debug|Any CPU.ActiveCfg = Debug|Any CPU
		{9401B9CA-6E23-4F81-B139-D6115DEAA46D}.Debug|Any CPU.Build.0 = Debug|Any CPU
		{9401B9CA-6E23-4F81-B139-D6115DEAA46D}.Release|Any CPU.ActiveCfg = Release|Any CPU
		{9401B9CA-6E23-4F81-B139-D6115DEAA46D}.Release|Any CPU.Build.0 = Release|Any CPU
		{6B7CE490-7771-4503-8DD5-4E203337A9D6}.Debug|Any CPU.ActiveCfg = Debug|Any CPU
		{6B7CE490-7771-4503-8DD5-4E203337A9D6}.Debug|Any CPU.Build.0 = Debug|Any CPU
		{6B7CE490-7771-4503-8DD5-4E203337A9D6}.Release|Any CPU.ActiveCfg = Release|Any CPU
		{6B7CE490-7771-4503-8DD5-4E203337A9D6}.Release|Any CPU.Build.0 = Release|Any CPU
		{D8F5307B-1123-405D-AC3E-B822EE2A5893}.Debug|Any CPU.ActiveCfg = Debug|Any CPU
		{D8F5307B-1123-405D-AC3E-B822EE2A5893}.Debug|Any CPU.Build.0 = Debug|Any CPU
		{D8F5307B-1123-405D-AC3E-B822EE2A5893}.Release|Any CPU.ActiveCfg = Release|Any CPU
		{D8F5307B-1123-405D-AC3E-B822EE2A5893}.Release|Any CPU.Build.0 = Release|Any CPU
		{B5E7991F-9C87-4DB2-9838-DD1E5867B4E3}.Debug|Any CPU.ActiveCfg = Debug|Any CPU
		{B5E7991F-9C87-4DB2-9838-DD1E5867B4E3}.Debug|Any CPU.Build.0 = Debug|Any CPU
		{B5E7991F-9C87-4DB2-9838-DD1E5867B4E3}.Release|Any CPU.ActiveCfg = Release|Any CPU
		{B5E7991F-9C87-4DB2-9838-DD1E5867B4E3}.Release|Any CPU.Build.0 = Release|Any CPU
	EndGlobalSection
	GlobalSection(SolutionProperties) = preSolution
		HideSolutionNode = FALSE
	EndGlobalSection
	GlobalSection(ExtensibilityGlobals) = postSolution
		SolutionGuid = {3B7609DF-339F-4383-BB15-D930012BF9D8}
	EndGlobalSection
EndGlobal
